
Microsoft Visual Studio Solution File, Format Version 12.00
# Visual Studio Version 17
VisualStudioVersion = 17.5.33627.172
MinimumVisualStudioVersion = 10.0.40219.1
Project("{FAE04EC0-301F-11D3-BF4B-00C04F79EFBC}") = "Ticketing.WebApi", "Ticketing.WebApi.csproj", "{02E2E429-9827-4557-B4BC-A60579B72AF0}"
EndProject
Project("{FAE04EC0-301F-11D3-BF4B-00C04F79EFBC}") = "Ticketing.Persistence", "..\Ticketing.Persistence\Ticketing.Persistence.csproj", "{3ABA360E-901A-4A90-A525-0CE2280D5512}"
EndProject
Global
	GlobalSection(SolutionConfigurationPlatforms) = preSolution
		Debug|Any CPU = Debug|Any CPU
		Release|Any CPU = Release|Any CPU
	EndGlobalSection
	GlobalSection(ProjectConfigurationPlatforms) = postSolution
		{02E2E429-9827-4557-B4BC-A60579B72AF0}.Debug|Any CPU.ActiveCfg = Debug|Any CPU
		{02E2E429-9827-4557-B4BC-A60579B72AF0}.Debug|Any CPU.Build.0 = Debug|Any CPU
		{02E2E429-9827-4557-B4BC-A60579B72AF0}.Release|Any CPU.ActiveCfg = Release|Any CPU
		{02E2E429-9827-4557-B4BC-A60579B72AF0}.Release|Any CPU.Build.0 = Release|Any CPU
		{3ABA360E-901A-4A90-A525-0CE2280D5512}.Debug|Any CPU.ActiveCfg = Debug|Any CPU
		{3ABA360E-901A-4A90-A525-0CE2280D5512}.Debug|Any CPU.Build.0 = Debug|Any CPU
		{3ABA360E-901A-4A90-A525-0CE2280D5512}.Release|Any CPU.ActiveCfg = Release|Any CPU
		{3ABA360E-901A-4A90-A525-0CE2280D5512}.Release|Any CPU.Build.0 = Release|Any CPU
	EndGlobalSection
	GlobalSection(SolutionProperties) = preSolution
		HideSolutionNode = FALSE
	EndGlobalSection
	GlobalSection(ExtensibilityGlobals) = postSolution
		SolutionGuid = {65C3EF29-6F92-4CAC-BA7D-3DF3C301C1A6}
	EndGlobalSection
EndGlobal
